
Microsoft Visual Studio Solution File, Format Version 12.00
# Visual Studio Version 17
VisualStudioVersion = 17.14.36811.4 d17.14
MinimumVisualStudioVersion = 10.0.40219.1
Project("{FAE04EC0-301F-11D3-BF4B-00C04F79EFBC}") = "Flagellant", "Flagellant.csproj", "{1FB51DFC-F46B-C16C-9A97-BD89E9BEEFEB}"
EndProject
Global
	GlobalSection(SolutionConfigurationPlatforms) = preSolution
		Debug|Any CPU = Debug|Any CPU
		ExportDebug|Any CPU = ExportDebug|Any CPU
		ExportRelease|Any CPU = ExportRelease|Any CPU
	EndGlobalSection
	GlobalSection(ProjectConfigurationPlatforms) = postSolution
		{1FB51DFC-F46B-C16C-9A97-BD89E9BEEFEB}.Debug|Any CPU.ActiveCfg = Debug|Any CPU
		{1FB51DFC-F46B-C16C-9A97-BD89E9BEEFEB}.Debug|Any CPU.Build.0 = Debug|Any CPU
		{1FB51DFC-F46B-C16C-9A97-BD89E9BEEFEB}.ExportDebug|Any CPU.ActiveCfg = ExportDebug|Any CPU
		{1FB51DFC-F46B-C16C-9A97-BD89E9BEEFEB}.ExportDebug|Any CPU.Build.0 = ExportDebug|Any CPU
		{1FB51DFC-F46B-C16C-9A97-BD89E9BEEFEB}.ExportRelease|Any CPU.ActiveCfg = ExportRelease|Any CPU
		{1FB51DFC-F46B-C16C-9A97-BD89E9BEEFEB}.ExportRelease|Any CPU.Build.0 = ExportRelease|Any CPU
	EndGlobalSection
	GlobalSection(SolutionProperties) = preSolution
		HideSolutionNode = FALSE
	EndGlobalSection
	GlobalSection(ExtensibilityGlobals) = postSolution
		SolutionGuid = {4ACA2390-37A7-4AA3-B2CA-1F82E9BD731F}
	EndGlobalSection
EndGlobal
